
Microsoft Visual Studio Solution File, Format Version 12.00
# Visual Studio 2013
VisualStudioVersion = 12.0.31101.0
MinimumVisualStudioVersion = 10.0.40219.1
Project("{FAE04EC0-301F-11D3-BF4B-00C04F79EFBC}") = "XS156Configurator", "XS156Configurator\XS156Configurator.csproj", "{C97C4702-43EB-4F09-BAAF-AC80C0FE6720}"
EndProject
Project("{FAE04EC0-301F-11D3-BF4B-00C04F79EFBC}") = "XS156Client35", "XS156Client35\XS156Client35.csproj", "{6A35EAD5-F25D-48A1-A12C-91516F1C31C8}"
EndProject
Global
	GlobalSection(SolutionConfigurationPlatforms) = preSolution
		Debug|Any CPU = Debug|Any CPU
		Release|Any CPU = Release|Any CPU
	EndGlobalSection
	GlobalSection(ProjectConfigurationPlatforms) = postSolution
		{C97C4702-43EB-4F09-BAAF-AC80C0FE6720}.Debug|Any CPU.ActiveCfg = Debug|Any CPU
		{C97C4702-43EB-4F09-BAAF-AC80C0FE6720}.Debug|Any CPU.Build.0 = Debug|Any CPU
		{C97C4702-43EB-4F09-BAAF-AC80C0FE6720}.Release|Any CPU.ActiveCfg = Release|Any CPU
		{C97C4702-43EB-4F09-BAAF-AC80C0FE6720}.Release|Any CPU.Build.0 = Release|Any CPU
		{6A35EAD5-F25D-48A1-A12C-91516F1C31C8}.Debug|Any CPU.ActiveCfg = Debug|Any CPU
		{6A35EAD5-F25D-48A1-A12C-91516F1C31C8}.Debug|Any CPU.Build.0 = Debug|Any CPU
		{6A35EAD5-F25D-48A1-A12C-91516F1C31C8}.Release|Any CPU.ActiveCfg = Release|Any CPU
		{6A35EAD5-F25D-48A1-A12C-91516F1C31C8}.Release|Any CPU.Build.0 = Release|Any CPU
	EndGlobalSection
	GlobalSection(SolutionProperties) = preSolution
		HideSolutionNode = FALSE
	EndGlobalSection
EndGlobal
